
Microsoft Visual Studio Solution File, Format Version 12.00
# Visual Studio Version 17
VisualStudioVersion = 17.4.33205.214
MinimumVisualStudioVersion = 10.0.40219.1
Project("{888888A0-9F3D-457C-B088-3A5042F75D52}") = "paketi paigaldamine", "paketi paigaldamine\paketi paigaldamine.pyproj", "{217F2DA8-3B14-408B-96C7-C5E6140F0FC4}"
EndProject
Global
	GlobalSection(SolutionConfigurationPlatforms) = preSolution
		Debug|Any CPU = Debug|Any CPU
		Release|Any CPU = Release|Any CPU
	EndGlobalSection
	GlobalSection(ProjectConfigurationPlatforms) = postSolution
		{217F2DA8-3B14-408B-96C7-C5E6140F0FC4}.Debug|Any CPU.ActiveCfg = Debug|Any CPU
		{217F2DA8-3B14-408B-96C7-C5E6140F0FC4}.Release|Any CPU.ActiveCfg = Release|Any CPU
	EndGlobalSection
	GlobalSection(SolutionProperties) = preSolution
		HideSolutionNode = FALSE
	EndGlobalSection
	GlobalSection(ExtensibilityGlobals) = postSolution
		SolutionGuid = {AAC0ED09-D9A0-4815-B1C8-C6618E0B4C83}
	EndGlobalSection
EndGlobal
